
Microsoft Visual Studio Solution File, Format Version 12.00
# Visual Studio Version 17
VisualStudioVersion = 17.4.33110.190
MinimumVisualStudioVersion = 10.0.40219.1
Project("{FAE04EC0-301F-11D3-BF4B-00C04F79EFBC}") = "MvcMovie", "MvcMovie.csproj", "{FE0AD179-2D84-4A8C-83C9-36B9BC48600D}"
EndProject
Global
	GlobalSection(SolutionConfigurationPlatforms) = preSolution
		Debug|Any CPU = Debug|Any CPU
		Release|Any CPU = Release|Any CPU
	EndGlobalSection
	GlobalSection(ProjectConfigurationPlatforms) = postSolution
		{FE0AD179-2D84-4A8C-83C9-36B9BC48600D}.Debug|Any CPU.ActiveCfg = Debug|Any CPU
		{FE0AD179-2D84-4A8C-83C9-36B9BC48600D}.Debug|Any CPU.Build.0 = Debug|Any CPU
		{FE0AD179-2D84-4A8C-83C9-36B9BC48600D}.Release|Any CPU.ActiveCfg = Release|Any CPU
		{FE0AD179-2D84-4A8C-83C9-36B9BC48600D}.Release|Any CPU.Build.0 = Release|Any CPU
	EndGlobalSection
	GlobalSection(SolutionProperties) = preSolution
		HideSolutionNode = FALSE
	EndGlobalSection
	GlobalSection(ExtensibilityGlobals) = postSolution
		SolutionGuid = {EC487800-5D56-435F-B542-EE0467B52595}
	EndGlobalSection
EndGlobal
